
Microsoft Visual Studio Solution File, Format Version 12.00
# Visual Studio 14
VisualStudioVersion = 14.0.24720.0
MinimumVisualStudioVersion = 10.0.40219.1
Project("{FAE04EC0-301F-11D3-BF4B-00C04F79EFBC}") = "ApkParser", "ApkParser\ApkParser.csproj", "{A40768BF-455B-47CB-935E-CA01DE2097AA}"
EndProject
Project("{FAE04EC0-301F-11D3-BF4B-00C04F79EFBC}") = "Test", "Test\Test.csproj", "{9211B447-6BEF-4A10-A90F-262BC3762E4D}"
EndProject
Global
	GlobalSection(SolutionConfigurationPlatforms) = preSolution
		Debug|Any CPU = Debug|Any CPU
		Release|Any CPU = Release|Any CPU
	EndGlobalSection
	GlobalSection(ProjectConfigurationPlatforms) = postSolution
		{A40768BF-455B-47CB-935E-CA01DE2097AA}.Debug|Any CPU.ActiveCfg = Debug|Any CPU
		{A40768BF-455B-47CB-935E-CA01DE2097AA}.Debug|Any CPU.Build.0 = Debug|Any CPU
		{A40768BF-455B-47CB-935E-CA01DE2097AA}.Release|Any CPU.ActiveCfg = Release|Any CPU
		{A40768BF-455B-47CB-935E-CA01DE2097AA}.Release|Any CPU.Build.0 = Release|Any CPU
		{9211B447-6BEF-4A10-A90F-262BC3762E4D}.Debug|Any CPU.ActiveCfg = Debug|Any CPU
		{9211B447-6BEF-4A10-A90F-262BC3762E4D}.Debug|Any CPU.Build.0 = Debug|Any CPU
		{9211B447-6BEF-4A10-A90F-262BC3762E4D}.Release|Any CPU.ActiveCfg = Release|Any CPU
		{9211B447-6BEF-4A10-A90F-262BC3762E4D}.Release|Any CPU.Build.0 = Release|Any CPU
	EndGlobalSection
	GlobalSection(SolutionProperties) = preSolution
		HideSolutionNode = FALSE
	EndGlobalSection
EndGlobal
